
Microsoft Visual Studio Solution File, Format Version 12.00
# Visual Studio Version 16
VisualStudioVersion = 16.0.31112.23
MinimumVisualStudioVersion = 10.0.40219.1
Project("{FAE04EC0-301F-11D3-BF4B-00C04F79EFBC}") = "Csikó", "Csikó.csproj", "{E12903A1-AF17-432B-84A5-1DB991886788}"
EndProject
Global
	GlobalSection(SolutionConfigurationPlatforms) = preSolution
		Debug|Any CPU = Debug|Any CPU
		Release|Any CPU = Release|Any CPU
	EndGlobalSection
	GlobalSection(ProjectConfigurationPlatforms) = postSolution
		{E12903A1-AF17-432B-84A5-1DB991886788}.Debug|Any CPU.ActiveCfg = Debug|Any CPU
		{E12903A1-AF17-432B-84A5-1DB991886788}.Debug|Any CPU.Build.0 = Debug|Any CPU
		{E12903A1-AF17-432B-84A5-1DB991886788}.Release|Any CPU.ActiveCfg = Release|Any CPU
		{E12903A1-AF17-432B-84A5-1DB991886788}.Release|Any CPU.Build.0 = Release|Any CPU
	EndGlobalSection
	GlobalSection(SolutionProperties) = preSolution
		HideSolutionNode = FALSE
	EndGlobalSection
	GlobalSection(ExtensibilityGlobals) = postSolution
		SolutionGuid = {424846CF-FED9-4AE0-887B-BD988D010F1B}
	EndGlobalSection
EndGlobal
